
Microsoft Visual Studio Solution File, Format Version 12.00
# Visual Studio 15
VisualStudioVersion = 15.0.28307.168
MinimumVisualStudioVersion = 10.0.40219.1
Project("{9A19103F-16F7-4668-BE54-9A1E7A4F7556}") = "Exercise.Football", "Exercise.Football\Exercise.Football.csproj", "{80A46542-2EF0-476F-90DD-88253B32E6AF}"
EndProject
Project("{FAE04EC0-301F-11D3-BF4B-00C04F79EFBC}") = "NUnitTest.Exercise.Football", "NUnitTest.Exercise.Football\NUnitTest.Exercise.Football.csproj", "{9564DFA3-4F71-4F50-8482-7B8B3A7C039E}"
EndProject
Global
	GlobalSection(SolutionConfigurationPlatforms) = preSolution
		Debug|Any CPU = Debug|Any CPU
		Release|Any CPU = Release|Any CPU
	EndGlobalSection
	GlobalSection(ProjectConfigurationPlatforms) = postSolution
		{80A46542-2EF0-476F-90DD-88253B32E6AF}.Debug|Any CPU.ActiveCfg = Debug|Any CPU
		{80A46542-2EF0-476F-90DD-88253B32E6AF}.Debug|Any CPU.Build.0 = Debug|Any CPU
		{80A46542-2EF0-476F-90DD-88253B32E6AF}.Release|Any CPU.ActiveCfg = Release|Any CPU
		{80A46542-2EF0-476F-90DD-88253B32E6AF}.Release|Any CPU.Build.0 = Release|Any CPU
		{9564DFA3-4F71-4F50-8482-7B8B3A7C039E}.Debug|Any CPU.ActiveCfg = Debug|Any CPU
		{9564DFA3-4F71-4F50-8482-7B8B3A7C039E}.Debug|Any CPU.Build.0 = Debug|Any CPU
		{9564DFA3-4F71-4F50-8482-7B8B3A7C039E}.Release|Any CPU.ActiveCfg = Release|Any CPU
		{9564DFA3-4F71-4F50-8482-7B8B3A7C039E}.Release|Any CPU.Build.0 = Release|Any CPU
	EndGlobalSection
	GlobalSection(SolutionProperties) = preSolution
		HideSolutionNode = FALSE
	EndGlobalSection
	GlobalSection(ExtensibilityGlobals) = postSolution
		SolutionGuid = {F094D7F2-BA1D-445D-9476-812AA30FDF5A}
	EndGlobalSection
EndGlobal
